
Microsoft Visual Studio Solution File, Format Version 12.00
# Visual Studio 2012
Project("{FAE04EC0-301F-11D3-BF4B-00C04F79EFBC}") = "ApplicationBarButtonMenuItem", "ApplicationBarButtonMenuItem\ApplicationBarButtonMenuItem.csproj", "{52CF06A7-AC2F-4A5F-BBE2-271766344FBB}"
EndProject
Project("{FAE04EC0-301F-11D3-BF4B-00C04F79EFBC}") = "BasicNavigation", "BasicNavigation\BasicNavigation.csproj", "{E382513C-A12B-4092-946E-724A36CBA0A0}"
EndProject
Project("{FAE04EC0-301F-11D3-BF4B-00C04F79EFBC}") = "MasterDetailNavigation", "MasterDetailNavigation\MasterDetailNavigation.csproj", "{BCA6C3C5-02CB-40B8-9905-4D8C6F1BA63E}"
EndProject
Project("{FAE04EC0-301F-11D3-BF4B-00C04F79EFBC}") = "MultiResolution", "MultiResolution\MultiResolution.csproj", "{43BDA885-472E-47BE-82E1-B4C36D21EE0D}"
EndProject
Project("{FAE04EC0-301F-11D3-BF4B-00C04F79EFBC}") = "TheLongListSelector", "TheLongListSelector\TheLongListSelector.csproj", "{2D4AF892-DB9D-460C-A460-0C6D2FFFB016}"
EndProject
Project("{FAE04EC0-301F-11D3-BF4B-00C04F79EFBC}") = "WindowPhoneToolkit", "WindowPhoneToolkit\WindowPhoneToolkit.csproj", "{208AF2A4-F239-4C8F-AD40-40A96513C2ED}"
EndProject
Global
	GlobalSection(SolutionConfigurationPlatforms) = preSolution
		Debug|Any CPU = Debug|Any CPU
		Debug|ARM = Debug|ARM
		Debug|x86 = Debug|x86
		Release|Any CPU = Release|Any CPU
		Release|ARM = Release|ARM
		Release|x86 = Release|x86
	EndGlobalSection
	GlobalSection(ProjectConfigurationPlatforms) = postSolution
		{52CF06A7-AC2F-4A5F-BBE2-271766344FBB}.Debug|Any CPU.ActiveCfg = Debug|Any CPU
		{52CF06A7-AC2F-4A5F-BBE2-271766344FBB}.Debug|Any CPU.Build.0 = Debug|Any CPU
		{52CF06A7-AC2F-4A5F-BBE2-271766344FBB}.Debug|Any CPU.Deploy.0 = Debug|Any CPU
		{52CF06A7-AC2F-4A5F-BBE2-271766344FBB}.Debug|ARM.ActiveCfg = Debug|ARM
		{52CF06A7-AC2F-4A5F-BBE2-271766344FBB}.Debug|ARM.Build.0 = Debug|ARM
		{52CF06A7-AC2F-4A5F-BBE2-271766344FBB}.Debug|ARM.Deploy.0 = Debug|ARM
		{52CF06A7-AC2F-4A5F-BBE2-271766344FBB}.Debug|x86.ActiveCfg = Debug|x86
		{52CF06A7-AC2F-4A5F-BBE2-271766344FBB}.Debug|x86.Build.0 = Debug|x86
		{52CF06A7-AC2F-4A5F-BBE2-271766344FBB}.Debug|x86.Deploy.0 = Debug|x86
		{52CF06A7-AC2F-4A5F-BBE2-271766344FBB}.Release|Any CPU.ActiveCfg = Release|Any CPU
		{52CF06A7-AC2F-4A5F-BBE2-271766344FBB}.Release|Any CPU.Build.0 = Release|Any CPU
		{52CF06A7-AC2F-4A5F-BBE2-271766344FBB}.Release|Any CPU.Deploy.0 = Release|Any CPU
		{52CF06A7-AC2F-4A5F-BBE2-271766344FBB}.Release|ARM.ActiveCfg = Release|ARM
		{52CF06A7-AC2F-4A5F-BBE2-271766344FBB}.Release|ARM.Build.0 = Release|ARM
		{52CF06A7-AC2F-4A5F-BBE2-271766344FBB}.Release|ARM.Deploy.0 = Release|ARM
		{52CF06A7-AC2F-4A5F-BBE2-271766344FBB}.Release|x86.ActiveCfg = Release|x86
		{52CF06A7-AC2F-4A5F-BBE2-271766344FBB}.Release|x86.Build.0 = Release|x86
		{52CF06A7-AC2F-4A5F-BBE2-271766344FBB}.Release|x86.Deploy.0 = Release|x86
		{E382513C-A12B-4092-946E-724A36CBA0A0}.Debug|Any CPU.ActiveCfg = Debug|Any CPU
		{E382513C-A12B-4092-946E-724A36CBA0A0}.Debug|Any CPU.Build.0 = Debug|Any CPU
		{E382513C-A12B-4092-946E-724A36CBA0A0}.Debug|Any CPU.Deploy.0 = Debug|Any CPU
		{E382513C-A12B-4092-946E-724A36CBA0A0}.Debug|ARM.ActiveCfg = Debug|ARM
		{E382513C-A12B-4092-946E-724A36CBA0A0}.Debug|ARM.Build.0 = Debug|ARM
		{E382513C-A12B-4092-946E-724A36CBA0A0}.Debug|ARM.Deploy.0 = Debug|ARM
		{E382513C-A12B-4092-946E-724A36CBA0A0}.Debug|x86.ActiveCfg = Debug|x86
		{E382513C-A12B-4092-946E-724A36CBA0A0}.Debug|x86.Build.0 = Debug|x86
		{E382513C-A12B-4092-946E-724A36CBA0A0}.Debug|x86.Deploy.0 = Debug|x86
		{E382513C-A12B-4092-946E-724A36CBA0A0}.Release|Any CPU.ActiveCfg = Release|Any CPU
		{E382513C-A12B-4092-946E-724A36CBA0A0}.Release|Any CPU.Build.0 = Release|Any CPU
		{E382513C-A12B-4092-946E-724A36CBA0A0}.Release|Any CPU.Deploy.0 = Release|Any CPU
		{E382513C-A12B-4092-946E-724A36CBA0A0}.Release|ARM.ActiveCfg = Release|ARM
		{E382513C-A12B-4092-946E-724A36CBA0A0}.Release|ARM.Build.0 = Release|ARM
		{E382513C-A12B-4092-946E-724A36CBA0A0}.Release|ARM.Deploy.0 = Release|ARM
		{E382513C-A12B-4092-946E-724A36CBA0A0}.Release|x86.ActiveCfg = Release|x86
		{E382513C-A12B-4092-946E-724A36CBA0A0}.Release|x86.Build.0 = Release|x86
		{E382513C-A12B-4092-946E-724A36CBA0A0}.Release|x86.Deploy.0 = Release|x86
		{BCA6C3C5-02CB-40B8-9905-4D8C6F1BA63E}.Debug|Any CPU.ActiveCfg = Debug|Any CPU
		{BCA6C3C5-02CB-40B8-9905-4D8C6F1BA63E}.Debug|Any CPU.Build.0 = Debug|Any CPU
		{BCA6C3C5-02CB-40B8-9905-4D8C6F1BA63E}.Debug|Any CPU.Deploy.0 = Debug|Any CPU
		{BCA6C3C5-02CB-40B8-9905-4D8C6F1BA63E}.Debug|ARM.ActiveCfg = Debug|ARM
		{BCA6C3C5-02CB-40B8-9905-4D8C6F1BA63E}.Debug|ARM.Build.0 = Debug|ARM
		{BCA6C3C5-02CB-40B8-9905-4D8C6F1BA63E}.Debug|ARM.Deploy.0 = Debug|ARM
		{BCA6C3C5-02CB-40B8-9905-4D8C6F1BA63E}.Debug|x86.ActiveCfg = Debug|x86
		{BCA6C3C5-02CB-40B8-9905-4D8C6F1BA63E}.Debug|x86.Build.0 = Debug|x86
		{BCA6C3C5-02CB-40B8-9905-4D8C6F1BA63E}.Debug|x86.Deploy.0 = Debug|x86
		{BCA6C3C5-02CB-40B8-9905-4D8C6F1BA63E}.Release|Any CPU.ActiveCfg = Release|Any CPU
		{BCA6C3C5-02CB-40B8-9905-4D8C6F1BA63E}.Release|Any CPU.Build.0 = Release|Any CPU
		{BCA6C3C5-02CB-40B8-9905-4D8C6F1BA63E}.Release|Any CPU.Deploy.0 = Release|Any CPU
		{BCA6C3C5-02CB-40B8-9905-4D8C6F1BA63E}.Release|ARM.ActiveCfg = Release|ARM
		{BCA6C3C5-02CB-40B8-9905-4D8C6F1BA63E}.Release|ARM.Build.0 = Release|ARM
		{BCA6C3C5-02CB-40B8-9905-4D8C6F1BA63E}.Release|ARM.Deploy.0 = Release|ARM
		{BCA6C3C5-02CB-40B8-9905-4D8C6F1BA63E}.Release|x86.ActiveCfg = Release|x86
		{BCA6C3C5-02CB-40B8-9905-4D8C6F1BA63E}.Release|x86.Build.0 = Release|x86
		{BCA6C3C5-02CB-40B8-9905-4D8C6F1BA63E}.Release|x86.Deploy.0 = Release|x86
		{43BDA885-472E-47BE-82E1-B4C36D21EE0D}.Debug|Any CPU.ActiveCfg = Debug|Any CPU
		{43BDA885-472E-47BE-82E1-B4C36D21EE0D}.Debug|Any CPU.Build.0 = Debug|Any CPU
		{43BDA885-472E-47BE-82E1-B4C36D21EE0D}.Debug|Any CPU.Deploy.0 = Debug|Any CPU
		{43BDA885-472E-47BE-82E1-B4C36D21EE0D}.Debug|ARM.ActiveCfg = Debug|ARM
		{43BDA885-472E-47BE-82E1-B4C36D21EE0D}.Debug|ARM.Build.0 = Debug|ARM
		{43BDA885-472E-47BE-82E1-B4C36D21EE0D}.Debug|ARM.Deploy.0 = Debug|ARM
		{43BDA885-472E-47BE-82E1-B4C36D21EE0D}.Debug|x86.ActiveCfg = Debug|x86
		{43BDA885-472E-47BE-82E1-B4C36D21EE0D}.Debug|x86.Build.0 = Debug|x86
		{43BDA885-472E-47BE-82E1-B4C36D21EE0D}.Debug|x86.Deploy.0 = Debug|x86
		{43BDA885-472E-47BE-82E1-B4C36D21EE0D}.Release|Any CPU.ActiveCfg = Release|Any CPU
		{43BDA885-472E-47BE-82E1-B4C36D21EE0D}.Release|Any CPU.Build.0 = Release|Any CPU
		{43BDA885-472E-47BE-82E1-B4C36D21EE0D}.Release|Any CPU.Deploy.0 = Release|Any CPU
		{43BDA885-472E-47BE-82E1-B4C36D21EE0D}.Release|ARM.ActiveCfg = Release|ARM
		{43BDA885-472E-47BE-82E1-B4C36D21EE0D}.Release|ARM.Build.0 = Release|ARM
		{43BDA885-472E-47BE-82E1-B4C36D21EE0D}.Release|ARM.Deploy.0 = Release|ARM
		{43BDA885-472E-47BE-82E1-B4C36D21EE0D}.Release|x86.ActiveCfg = Release|x86
		{43BDA885-472E-47BE-82E1-B4C36D21EE0D}.Release|x86.Build.0 = Release|x86
		{43BDA885-472E-47BE-82E1-B4C36D21EE0D}.Release|x86.Deploy.0 = Release|x86
		{2D4AF892-DB9D-460C-A460-0C6D2FFFB016}.Debug|Any CPU.ActiveCfg = Debug|Any CPU
		{2D4AF892-DB9D-460C-A460-0C6D2FFFB016}.Debug|Any CPU.Build.0 = Debug|Any CPU
		{2D4AF892-DB9D-460C-A460-0C6D2FFFB016}.Debug|Any CPU.Deploy.0 = Debug|Any CPU
		{2D4AF892-DB9D-460C-A460-0C6D2FFFB016}.Debug|ARM.ActiveCfg = Debug|ARM
		{2D4AF892-DB9D-460C-A460-0C6D2FFFB016}.Debug|ARM.Build.0 = Debug|ARM
		{2D4AF892-DB9D-460C-A460-0C6D2FFFB016}.Debug|ARM.Deploy.0 = Debug|ARM
		{2D4AF892-DB9D-460C-A460-0C6D2FFFB016}.Debug|x86.ActiveCfg = Debug|x86
		{2D4AF892-DB9D-460C-A460-0C6D2FFFB016}.Debug|x86.Build.0 = Debug|x86
		{2D4AF892-DB9D-460C-A460-0C6D2FFFB016}.Debug|x86.Deploy.0 = Debug|x86
		{2D4AF892-DB9D-460C-A460-0C6D2FFFB016}.Release|Any CPU.ActiveCfg = Release|Any CPU
		{2D4AF892-DB9D-460C-A460-0C6D2FFFB016}.Release|Any CPU.Build.0 = Release|Any CPU
		{2D4AF892-DB9D-460C-A460-0C6D2FFFB016}.Release|Any CPU.Deploy.0 = Release|Any CPU
		{2D4AF892-DB9D-460C-A460-0C6D2FFFB016}.Release|ARM.ActiveCfg = Release|ARM
		{2D4AF892-DB9D-460C-A460-0C6D2FFFB016}.Release|ARM.Build.0 = Release|ARM
		{2D4AF892-DB9D-460C-A460-0C6D2FFFB016}.Release|ARM.Deploy.0 = Release|ARM
		{2D4AF892-DB9D-460C-A460-0C6D2FFFB016}.Release|x86.ActiveCfg = Release|x86
		{2D4AF892-DB9D-460C-A460-0C6D2FFFB016}.Release|x86.Build.0 = Release|x86
		{2D4AF892-DB9D-460C-A460-0C6D2FFFB016}.Release|x86.Deploy.0 = Release|x86
		{208AF2A4-F239-4C8F-AD40-40A96513C2ED}.Debug|Any CPU.ActiveCfg = Debug|Any CPU
		{208AF2A4-F239-4C8F-AD40-40A96513C2ED}.Debug|Any CPU.Build.0 = Debug|Any CPU
		{208AF2A4-F239-4C8F-AD40-40A96513C2ED}.Debug|Any CPU.Deploy.0 = Debug|Any CPU
		{208AF2A4-F239-4C8F-AD40-40A96513C2ED}.Debug|ARM.ActiveCfg = Debug|ARM
		{208AF2A4-F239-4C8F-AD40-40A96513C2ED}.Debug|ARM.Build.0 = Debug|ARM
		{208AF2A4-F239-4C8F-AD40-40A96513C2ED}.Debug|ARM.Deploy.0 = Debug|ARM
		{208AF2A4-F239-4C8F-AD40-40A96513C2ED}.Debug|x86.ActiveCfg = Debug|x86
		{208AF2A4-F239-4C8F-AD40-40A96513C2ED}.Debug|x86.Build.0 = Debug|x86
		{208AF2A4-F239-4C8F-AD40-40A96513C2ED}.Debug|x86.Deploy.0 = Debug|x86
		{208AF2A4-F239-4C8F-AD40-40A96513C2ED}.Release|Any CPU.ActiveCfg = Release|Any CPU
		{208AF2A4-F239-4C8F-AD40-40A96513C2ED}.Release|Any CPU.Build.0 = Release|Any CPU
		{208AF2A4-F239-4C8F-AD40-40A96513C2ED}.Release|Any CPU.Deploy.0 = Release|Any CPU
		{208AF2A4-F239-4C8F-AD40-40A96513C2ED}.Release|ARM.ActiveCfg = Release|ARM
		{208AF2A4-F239-4C8F-AD40-40A96513C2ED}.Release|ARM.Build.0 = Release|ARM
		{208AF2A4-F239-4C8F-AD40-40A96513C2ED}.Release|ARM.Deploy.0 = Release|ARM
		{208AF2A4-F239-4C8F-AD40-40A96513C2ED}.Release|x86.ActiveCfg = Release|x86
		{208AF2A4-F239-4C8F-AD40-40A96513C2ED}.Release|x86.Build.0 = Release|x86
		{208AF2A4-F239-4C8F-AD40-40A96513C2ED}.Release|x86.Deploy.0 = Release|x86
	EndGlobalSection
	GlobalSection(SolutionProperties) = preSolution
		HideSolutionNode = FALSE
	EndGlobalSection
EndGlobal
