
Microsoft Visual Studio Solution File, Format Version 12.00
# Visual Studio 2012
Project("{FAE04EC0-301F-11D3-BF4B-00C04F79EFBC}") = "InspireMe", "InspireMe\InspireMe.csproj", "{84090DEC-B8D9-4741-924A-F497CC4FD692}"
EndProject
Project("{FAE04EC0-301F-11D3-BF4B-00C04F79EFBC}") = "InspireMe.DataProvider", "InspireMe.DataProvider\InspireMe.DataProvider.csproj", "{96702EF0-6E95-45FB-B54F-BF3920B03338}"
EndProject
Global
	GlobalSection(SolutionConfigurationPlatforms) = preSolution
		Debug|Any CPU = Debug|Any CPU
		Debug|ARM = Debug|ARM
		Debug|x86 = Debug|x86
		Release|Any CPU = Release|Any CPU
		Release|ARM = Release|ARM
		Release|x86 = Release|x86
	EndGlobalSection
	GlobalSection(ProjectConfigurationPlatforms) = postSolution
		{84090DEC-B8D9-4741-924A-F497CC4FD692}.Debug|Any CPU.ActiveCfg = Debug|Any CPU
		{84090DEC-B8D9-4741-924A-F497CC4FD692}.Debug|Any CPU.Build.0 = Debug|Any CPU
		{84090DEC-B8D9-4741-924A-F497CC4FD692}.Debug|Any CPU.Deploy.0 = Debug|Any CPU
		{84090DEC-B8D9-4741-924A-F497CC4FD692}.Debug|ARM.ActiveCfg = Debug|ARM
		{84090DEC-B8D9-4741-924A-F497CC4FD692}.Debug|ARM.Build.0 = Debug|ARM
		{84090DEC-B8D9-4741-924A-F497CC4FD692}.Debug|ARM.Deploy.0 = Debug|ARM
		{84090DEC-B8D9-4741-924A-F497CC4FD692}.Debug|x86.ActiveCfg = Debug|x86
		{84090DEC-B8D9-4741-924A-F497CC4FD692}.Debug|x86.Build.0 = Debug|x86
		{84090DEC-B8D9-4741-924A-F497CC4FD692}.Debug|x86.Deploy.0 = Debug|x86
		{84090DEC-B8D9-4741-924A-F497CC4FD692}.Release|Any CPU.ActiveCfg = Release|Any CPU
		{84090DEC-B8D9-4741-924A-F497CC4FD692}.Release|Any CPU.Build.0 = Release|Any CPU
		{84090DEC-B8D9-4741-924A-F497CC4FD692}.Release|Any CPU.Deploy.0 = Release|Any CPU
		{84090DEC-B8D9-4741-924A-F497CC4FD692}.Release|ARM.ActiveCfg = Release|ARM
		{84090DEC-B8D9-4741-924A-F497CC4FD692}.Release|ARM.Build.0 = Release|ARM
		{84090DEC-B8D9-4741-924A-F497CC4FD692}.Release|ARM.Deploy.0 = Release|ARM
		{84090DEC-B8D9-4741-924A-F497CC4FD692}.Release|x86.ActiveCfg = Release|x86
		{84090DEC-B8D9-4741-924A-F497CC4FD692}.Release|x86.Build.0 = Release|x86
		{84090DEC-B8D9-4741-924A-F497CC4FD692}.Release|x86.Deploy.0 = Release|x86
		{96702EF0-6E95-45FB-B54F-BF3920B03338}.Debug|Any CPU.ActiveCfg = Debug|Any CPU
		{96702EF0-6E95-45FB-B54F-BF3920B03338}.Debug|Any CPU.Build.0 = Debug|Any CPU
		{96702EF0-6E95-45FB-B54F-BF3920B03338}.Debug|ARM.ActiveCfg = Debug|ARM
		{96702EF0-6E95-45FB-B54F-BF3920B03338}.Debug|ARM.Build.0 = Debug|ARM
		{96702EF0-6E95-45FB-B54F-BF3920B03338}.Debug|x86.ActiveCfg = Debug|x86
		{96702EF0-6E95-45FB-B54F-BF3920B03338}.Debug|x86.Build.0 = Debug|x86
		{96702EF0-6E95-45FB-B54F-BF3920B03338}.Release|Any CPU.ActiveCfg = Release|Any CPU
		{96702EF0-6E95-45FB-B54F-BF3920B03338}.Release|Any CPU.Build.0 = Release|Any CPU
		{96702EF0-6E95-45FB-B54F-BF3920B03338}.Release|ARM.ActiveCfg = Release|ARM
		{96702EF0-6E95-45FB-B54F-BF3920B03338}.Release|ARM.Build.0 = Release|ARM
		{96702EF0-6E95-45FB-B54F-BF3920B03338}.Release|x86.ActiveCfg = Release|x86
		{96702EF0-6E95-45FB-B54F-BF3920B03338}.Release|x86.Build.0 = Release|x86
	EndGlobalSection
	GlobalSection(SolutionProperties) = preSolution
		HideSolutionNode = FALSE
	EndGlobalSection
EndGlobal
