
Microsoft Visual Studio Solution File, Format Version 12.00
# Visual Studio 2012
Project("{FAE04EC0-301F-11D3-BF4B-00C04F79EFBC}") = "ApplicationBar", "ApplicationBar.csproj", "{52CF06A7-AC2F-4A5F-BBE2-271766344FBB}"
EndProject
Global
	GlobalSection(TeamFoundationVersionControl) = preSolution
		SccNumberOfProjects = 2
		SccEnterpriseProvider = {4CA58AB2-18FA-4F8D-95D4-32DDF27D184C}
		SccTeamFoundationServer = https://darkwizardsoftware.visualstudio.com/defaultcollection
		SccLocalPath0 = .
		SccProjectUniqueName1 = ApplicationBar.csproj
		SccLocalPath1 = .
	EndGlobalSection
	GlobalSection(SolutionConfigurationPlatforms) = preSolution
		Debug|Any CPU = Debug|Any CPU
		Debug|ARM = Debug|ARM
		Debug|x86 = Debug|x86
		Release|Any CPU = Release|Any CPU
		Release|ARM = Release|ARM
		Release|x86 = Release|x86
	EndGlobalSection
	GlobalSection(ProjectConfigurationPlatforms) = postSolution
		{52CF06A7-AC2F-4A5F-BBE2-271766344FBB}.Debug|Any CPU.ActiveCfg = Debug|Any CPU
		{52CF06A7-AC2F-4A5F-BBE2-271766344FBB}.Debug|Any CPU.Build.0 = Debug|Any CPU
		{52CF06A7-AC2F-4A5F-BBE2-271766344FBB}.Debug|Any CPU.Deploy.0 = Debug|Any CPU
		{52CF06A7-AC2F-4A5F-BBE2-271766344FBB}.Debug|ARM.ActiveCfg = Debug|ARM
		{52CF06A7-AC2F-4A5F-BBE2-271766344FBB}.Debug|ARM.Build.0 = Debug|ARM
		{52CF06A7-AC2F-4A5F-BBE2-271766344FBB}.Debug|ARM.Deploy.0 = Debug|ARM
		{52CF06A7-AC2F-4A5F-BBE2-271766344FBB}.Debug|x86.ActiveCfg = Debug|x86
		{52CF06A7-AC2F-4A5F-BBE2-271766344FBB}.Debug|x86.Build.0 = Debug|x86
		{52CF06A7-AC2F-4A5F-BBE2-271766344FBB}.Debug|x86.Deploy.0 = Debug|x86
		{52CF06A7-AC2F-4A5F-BBE2-271766344FBB}.Release|Any CPU.ActiveCfg = Release|Any CPU
		{52CF06A7-AC2F-4A5F-BBE2-271766344FBB}.Release|Any CPU.Build.0 = Release|Any CPU
		{52CF06A7-AC2F-4A5F-BBE2-271766344FBB}.Release|Any CPU.Deploy.0 = Release|Any CPU
		{52CF06A7-AC2F-4A5F-BBE2-271766344FBB}.Release|ARM.ActiveCfg = Release|ARM
		{52CF06A7-AC2F-4A5F-BBE2-271766344FBB}.Release|ARM.Build.0 = Release|ARM
		{52CF06A7-AC2F-4A5F-BBE2-271766344FBB}.Release|ARM.Deploy.0 = Release|ARM
		{52CF06A7-AC2F-4A5F-BBE2-271766344FBB}.Release|x86.ActiveCfg = Release|x86
		{52CF06A7-AC2F-4A5F-BBE2-271766344FBB}.Release|x86.Build.0 = Release|x86
		{52CF06A7-AC2F-4A5F-BBE2-271766344FBB}.Release|x86.Deploy.0 = Release|x86
	EndGlobalSection
	GlobalSection(SolutionProperties) = preSolution
		HideSolutionNode = FALSE
	EndGlobalSection
EndGlobal
