
Microsoft Visual Studio Solution File, Format Version 12.00
# Visual Studio 2012
Project("{FAE04EC0-301F-11D3-BF4B-00C04F79EFBC}") = "AppointmentsAndContacts", "AppointmentsAndContacts\AppointmentsAndContacts.csproj", "{72FA76A6-7389-43C3-81B9-5B142423524D}"
EndProject
Global
	GlobalSection(TeamFoundationVersionControl) = preSolution
		SccNumberOfProjects = 1
		SccEnterpriseProvider = {4CA58AB2-18FA-4F8D-95D4-32DDF27D184C}
		SccTeamFoundationServer = https://darkwizardsoftware.visualstudio.com/defaultcollection
		SccProjectUniqueName0 = AppointmentsAndContacts\\AppointmentsAndContacts.csproj
		SccProjectName0 = AppointmentsAndContacts
		SccAuxPath0 = https://darkwizardsoftware.visualstudio.com/defaultcollection
		SccLocalPath0 = AppointmentsAndContacts
		SccProvider0 = {4CA58AB2-18FA-4F8D-95D4-32DDF27D184C}
	EndGlobalSection
	GlobalSection(SolutionConfigurationPlatforms) = preSolution
		Debug|Any CPU = Debug|Any CPU
		Debug|ARM = Debug|ARM
		Debug|x86 = Debug|x86
		Release|Any CPU = Release|Any CPU
		Release|ARM = Release|ARM
		Release|x86 = Release|x86
	EndGlobalSection
	GlobalSection(ProjectConfigurationPlatforms) = postSolution
		{72FA76A6-7389-43C3-81B9-5B142423524D}.Debug|Any CPU.ActiveCfg = Debug|Any CPU
		{72FA76A6-7389-43C3-81B9-5B142423524D}.Debug|Any CPU.Build.0 = Debug|Any CPU
		{72FA76A6-7389-43C3-81B9-5B142423524D}.Debug|Any CPU.Deploy.0 = Debug|Any CPU
		{72FA76A6-7389-43C3-81B9-5B142423524D}.Debug|ARM.ActiveCfg = Debug|ARM
		{72FA76A6-7389-43C3-81B9-5B142423524D}.Debug|ARM.Build.0 = Debug|ARM
		{72FA76A6-7389-43C3-81B9-5B142423524D}.Debug|ARM.Deploy.0 = Debug|ARM
		{72FA76A6-7389-43C3-81B9-5B142423524D}.Debug|x86.ActiveCfg = Debug|x86
		{72FA76A6-7389-43C3-81B9-5B142423524D}.Debug|x86.Build.0 = Debug|x86
		{72FA76A6-7389-43C3-81B9-5B142423524D}.Debug|x86.Deploy.0 = Debug|x86
		{72FA76A6-7389-43C3-81B9-5B142423524D}.Release|Any CPU.ActiveCfg = Release|Any CPU
		{72FA76A6-7389-43C3-81B9-5B142423524D}.Release|Any CPU.Build.0 = Release|Any CPU
		{72FA76A6-7389-43C3-81B9-5B142423524D}.Release|Any CPU.Deploy.0 = Release|Any CPU
		{72FA76A6-7389-43C3-81B9-5B142423524D}.Release|ARM.ActiveCfg = Release|ARM
		{72FA76A6-7389-43C3-81B9-5B142423524D}.Release|ARM.Build.0 = Release|ARM
		{72FA76A6-7389-43C3-81B9-5B142423524D}.Release|ARM.Deploy.0 = Release|ARM
		{72FA76A6-7389-43C3-81B9-5B142423524D}.Release|x86.ActiveCfg = Release|x86
		{72FA76A6-7389-43C3-81B9-5B142423524D}.Release|x86.Build.0 = Release|x86
		{72FA76A6-7389-43C3-81B9-5B142423524D}.Release|x86.Deploy.0 = Release|x86
	EndGlobalSection
	GlobalSection(SolutionProperties) = preSolution
		HideSolutionNode = FALSE
	EndGlobalSection
EndGlobal
